Microsoft Visual Studio Solution File, Format Version 12.00
# Visual Studio Version 17
VisualStudioVersion = 17.5.2.0
MinimumVisualStudioVersion = 10.0.40219.1
Project("{FAE04EC0-301F-11D3-BF4B-00C04F79EFBC}") = "WhoIsYou", "WhoIsYou\WhoIsYou.csproj", "{A39033A8-98F6-60E4-473E-546B62900A09}"
EndProject
Global
	GlobalSection(SolutionConfigurationPlatforms) = preSolution
		Debug|Any CPU = Debug|Any CPU
		Release|Any CPU = Release|Any CPU
		Testing|Any CPU = Testing|Any CPU
	EndGlobalSection
	GlobalSection(ProjectConfigurationPlatforms) = postSolution
		{A39033A8-98F6-60E4-473E-546B62900A09}.Debug|Any CPU.ActiveCfg = Debug|Any CPU
		{A39033A8-98F6-60E4-473E-546B62900A09}.Debug|Any CPU.Build.0 = Debug|Any CPU
		{A39033A8-98F6-60E4-473E-546B62900A09}.Release|Any CPU.ActiveCfg = Release|Any CPU
		{A39033A8-98F6-60E4-473E-546B62900A09}.Release|Any CPU.Build.0 = Release|Any CPU
	EndGlobalSection
	GlobalSection(SolutionProperties) = preSolution
		HideSolutionNode = FALSE
	EndGlobalSection
	GlobalSection(ExtensibilityGlobals) = postSolution
		SolutionGuid = {238D5130-CAD3-427E-BB12-F9B0D1E4E1C6}
	EndGlobalSection
EndGlobal
